
Microsoft Visual Studio Solution File, Format Version 12.00
# Visual Studio Version 17
VisualStudioVersion = 17.10.34916.146
MinimumVisualStudioVersion = 10.0.40219.1
Project("{FAE04EC0-301F-11D3-BF4B-00C04F79EFBC}") = "CustomMiddlewares", "CustomMiddlewares\CustomMiddlewares.csproj", "{08345BD1-DA85-4F41-843C-C4FC2B1A923C}"
EndProject
Global
	GlobalSection(SolutionConfigurationPlatforms) = preSolution
		Debug|Any CPU = Debug|Any CPU
		Release|Any CPU = Release|Any CPU
	EndGlobalSection
	GlobalSection(ProjectConfigurationPlatforms) = postSolution
		{08345BD1-DA85-4F41-843C-C4FC2B1A923C}.Debug|Any CPU.ActiveCfg = Debug|Any CPU
		{08345BD1-DA85-4F41-843C-C4FC2B1A923C}.Debug|Any CPU.Build.0 = Debug|Any CPU
		{08345BD1-DA85-4F41-843C-C4FC2B1A923C}.Release|Any CPU.ActiveCfg = Release|Any CPU
		{08345BD1-DA85-4F41-843C-C4FC2B1A923C}.Release|Any CPU.Build.0 = Release|Any CPU
	EndGlobalSection
	GlobalSection(SolutionProperties) = preSolution
		HideSolutionNode = FALSE
	EndGlobalSection
	GlobalSection(ExtensibilityGlobals) = postSolution
		SolutionGuid = {879FFF4C-F587-41FE-95EA-12D5612AD5F1}
	EndGlobalSection
EndGlobal
